{
    "name": "canvas-constructor",
    "version": "0.2.0",
    "lockfileVersion": 1,
    "requires": true,
    "dependencies": {
        "canvas": {
            "version": "github:Automattic/node-canvas#ef28969b2b82ef438c9d267f79925141472a6a38",
            "requires": {
                "nan": "2.6.2"
            }
        },
        "nan": {
            "version": "2.6.2",
            "resolved": "https://registry.npmjs.org/nan/-/nan-2.6.2.tgz",
            "integrity": "sha1-5P805slf37WuzAjeZZb0NgWn20U="
        }
    }
}
